
Microsoft Visual Studio Solution File, Format Version 12.00
Project("{2150E333-8FDC-42A3-9474-1A3956D46DE8}") = "Solution Items", "Solution Items", "{90D5CEF5-E0F3-4ACC-A89F-97DDA63DD194}"
	ProjectSection(SolutionItems) = preProject
		.editorconfig = .editorconfig
		Directory.Build.props = Directory.Build.props
		Directory.Packages.props = Directory.Packages.props
	EndProjectSection
EndProject
Project("{FAE04EC0-301F-11D3-BF4B-00C04F79EFBC}") = "Slo248.Net.DomainDrivenDesign", "Slo248.Net.DomainDrivenDesign\Slo248.Net.DomainDrivenDesign.csproj", "{370B65B2-A43F-4FB1-9F29-F3FA1FE93119}"
EndProject
Project("{2150E333-8FDC-42A3-9474-1A3956D46DE8}") = "Tests", "Tests", "{0B7A12EA-71E0-4550-B716-A02A2B5A8506}"
EndProject
Project("{FAE04EC0-301F-11D3-BF4B-00C04F79EFBC}") = "Slo248.Net.Tests.UnitTests", "Slo248.Net.Tests.UnitTests\Slo248.Net.Tests.UnitTests.csproj", "{7E07433C-87A3-4A7F-9AA1-849C5667DA9B}"
EndProject
Global
	GlobalSection(SolutionConfigurationPlatforms) = preSolution
		Debug|Any CPU = Debug|Any CPU
		Release|Any CPU = Release|Any CPU
	EndGlobalSection
	GlobalSection(ProjectConfigurationPlatforms) = postSolution
		{370B65B2-A43F-4FB1-9F29-F3FA1FE93119}.Debug|Any CPU.ActiveCfg = Debug|Any CPU
		{370B65B2-A43F-4FB1-9F29-F3FA1FE93119}.Debug|Any CPU.Build.0 = Debug|Any CPU
		{370B65B2-A43F-4FB1-9F29-F3FA1FE93119}.Release|Any CPU.ActiveCfg = Release|Any CPU
		{370B65B2-A43F-4FB1-9F29-F3FA1FE93119}.Release|Any CPU.Build.0 = Release|Any CPU
		{7E07433C-87A3-4A7F-9AA1-849C5667DA9B}.Debug|Any CPU.ActiveCfg = Debug|Any CPU
		{7E07433C-87A3-4A7F-9AA1-849C5667DA9B}.Debug|Any CPU.Build.0 = Debug|Any CPU
		{7E07433C-87A3-4A7F-9AA1-849C5667DA9B}.Release|Any CPU.ActiveCfg = Release|Any CPU
		{7E07433C-87A3-4A7F-9AA1-849C5667DA9B}.Release|Any CPU.Build.0 = Release|Any CPU
	EndGlobalSection
	GlobalSection(NestedProjects) = preSolution
		{7E07433C-87A3-4A7F-9AA1-849C5667DA9B} = {0B7A12EA-71E0-4550-B716-A02A2B5A8506}
	EndGlobalSection
EndGlobal
